PODS:
  - Birdsong (0.6.2):
    - Starscream
  - Starscream (3.1.0)

DEPENDENCIES:
  - Birdsong (from `../`)

SPEC REPOS:
  https://github.com/cocoapods/specs.git:
    - Starscream

EXTERNAL SOURCES:
  Birdsong:
    :path: "../"

SPEC CHECKSUMS:
  Birdsong: 50a97ac45239f142870015c7f72d4003d9c50959
  Starscream: 08172b481e145289c4930cb567230fb55897cfa4

PODFILE CHECKSUM: 3558a4931fe745bd0675e72f2f3632d72b3b9d25

COCOAPODS: 1.7.1
